
Microsoft Visual Studio Solution File, Format Version 12.00
# Visual Studio 15
VisualStudioVersion = 15.0.28307.1169
MinimumVisualStudioVersion = 10.0.40219.1
Project("{888888A0-9F3D-457C-B088-3A5042F75D52}") = "Yolo_v1", "Yolo_v1\Yolo_v1.pyproj", "{1752D730-B695-4C38-9DBB-41D05752171B}"
EndProject
Global
	GlobalSection(SolutionConfigurationPlatforms) = preSolution
		Debug|Any CPU = Debug|Any CPU
		Release|Any CPU = Release|Any CPU
	EndGlobalSection
	GlobalSection(ProjectConfigurationPlatforms) = postSolution
		{1752D730-B695-4C38-9DBB-41D05752171B}.Debug|Any CPU.ActiveCfg = Debug|Any CPU
		{1752D730-B695-4C38-9DBB-41D05752171B}.Release|Any CPU.ActiveCfg = Release|Any CPU
	EndGlobalSection
	GlobalSection(SolutionProperties) = preSolution
		HideSolutionNode = FALSE
	EndGlobalSection
	GlobalSection(ExtensibilityGlobals) = postSolution
		SolutionGuid = {3BB99D38-6345-4247-BBE1-156DEA2A4AC8}
	EndGlobalSection
EndGlobal
